{
  "version": 4,
  "terraform_version": "1.15.5",
  "serial": 1,
  "lineage": "e1c6c317-71fc-1d0d-a10b-52addbf96c9a",
  "outputs": {},
  "resources": [
    {
      "mode": "managed",
      "type": "local_file",
      "name": "example",
      "provider": "provider[\"registry.terraform.io/hashicorp/local\"]",
      "instances": [
        {
          "schema_version": 0,
          "attributes": {
            "content": "Hellp from Terraform!:\nThis file was created by Terraform.",
            "content_base64": null,
            "content_base64sha256": "P3Ow+42YjkvQWLZeC5u2hi4UgOuY1lf4ezgPn3W4mwQ=",
            "content_base64sha512": "zhOxnfnp5DMCLsMaZkiqhpznFas2HHgMzqgmfq05DpuVBFqBQeYKeCif6rfj8MOlEMPlLr9cPbWOxKgVZXQcQA==",
            "content_md5": "bcf3414f4d09d846e6a65103bdd1b83f",
            "content_sha1": "c79f19f178b612e6bfd3a73c45c238551a0ec25b",
            "content_sha256": "3f73b0fb8d988e4bd058b65e0b9bb6862e1480eb98d657f87b380f9f75b89b04",
            "content_sha512": "ce13b19df9e9e433022ec31a6648aa869ce715ab361c780ccea8267ead390e9b95045a8141e60a78289feab7e3f0c3a510c3e52ebf5c3db58ec4a81565741c40",
            "directory_permission": "0777",
            "file_permission": "0777",
            "filename": "./hello.txt",
            "id": "c79f19f178b612e6bfd3a73c45c238551a0ec25b",
            "sensitive_content": null,
            "source": null
          },
          "sensitive_attributes": [
            [
              {
                "type": "get_attr",
                "value": "sensitive_content"
              }
            ]
          ],
          "identity_schema_version": 0
        }
      ]
    }
  ],
  "check_results": null
}
