{
  "version": 4,
  "terraform_version": "1.15.5",
  "serial": 4,
  "lineage": "e1c6c317-71fc-1d0d-a10b-52addbf96c9a",
  "outputs": {},
  "resources": [
    {
      "mode": "managed",
      "type": "local_file",
      "name": "example",
      "provider": "provider[\"registry.terraform.io/hashicorp/local\"]",
      "instances": [
        {
          "schema_version": 0,
          "attributes": {
            "content": "Hello from Terraform!:\nThis file was created by Terraform.",
            "content_base64": null,
            "content_base64sha256": "+vEagplWxncRdN5tr8g/jukDiEIyykOwcLZPzFVL/C4=",
            "content_base64sha512": "cTAlxBvsqTaIIU9QwWWHAmynktDwsA8FosOf+b3s4enrAqfNAchc1MK9tOr+A3JpZlW1yoFeBZfnMjPIpMcglg==",
            "content_md5": "401af88ffc96d4454d1eb22f61663370",
            "content_sha1": "174ee7719afb419995b7de2697b011d7bc6278c2",
            "content_sha256": "faf11a829956c6771174de6dafc83f8ee903884232ca43b070b64fcc554bfc2e",
            "content_sha512": "713025c41beca93688214f50c16587026ca792d0f0b00f05a2c39ff9bdece1e9eb02a7cd01c85cd4c2bdb4eafe0372696655b5ca815e0597e73233c8a4c72096",
            "directory_permission": "0777",
            "file_permission": "0777",
            "filename": "./hello.txt",
            "id": "174ee7719afb419995b7de2697b011d7bc6278c2",
            "sensitive_content": null,
            "source": null
          },
          "sensitive_attributes": [
            [
              {
                "type": "get_attr",
                "value": "sensitive_content"
              }
            ]
          ],
          "identity_schema_version": 0
        }
      ]
    }
  ],
  "check_results": null
}
